
Microsoft Visual Studio Solution File, Format Version 12.00
# Visual Studio Version 17
VisualStudioVersion = 17.2.32630.192
MinimumVisualStudioVersion = 10.0.40219.1
Project("{9A19103F-16F7-4668-BE54-9A1E7A4F7556}") = "MACEL94.github.io", "Web\MACEL94.github.io.csproj", "{63C216E3-9537-48D8-8A3B-C8CDF7497F8E}"
EndProject
Project("{9A19103F-16F7-4668-BE54-9A1E7A4F7556}") = "LinkedinProxy", "Backend\LinkedinProxy\LinkedinProxy.csproj", "{955D9736-3ECF-493C-A30B-E236D983A26E}"
EndProject
Global
	GlobalSection(SolutionConfigurationPlatforms) = preSolution
		Debug|Any CPU = Debug|Any CPU
		Release|Any CPU = Release|Any CPU
	EndGlobalSection
	GlobalSection(ProjectConfigurationPlatforms) = postSolution
		{63C216E3-9537-48D8-8A3B-C8CDF7497F8E}.Debug|Any CPU.ActiveCfg = Debug|Any CPU
		{63C216E3-9537-48D8-8A3B-C8CDF7497F8E}.Debug|Any CPU.Build.0 = Debug|Any CPU
		{63C216E3-9537-48D8-8A3B-C8CDF7497F8E}.Release|Any CPU.ActiveCfg = Release|Any CPU
		{63C216E3-9537-48D8-8A3B-C8CDF7497F8E}.Release|Any CPU.Build.0 = Release|Any CPU
		{955D9736-3ECF-493C-A30B-E236D983A26E}.Debug|Any CPU.ActiveCfg = Debug|Any CPU
		{955D9736-3ECF-493C-A30B-E236D983A26E}.Debug|Any CPU.Build.0 = Debug|Any CPU
		{955D9736-3ECF-493C-A30B-E236D983A26E}.Release|Any CPU.ActiveCfg = Release|Any CPU
		{955D9736-3ECF-493C-A30B-E236D983A26E}.Release|Any CPU.Build.0 = Release|Any CPU
	EndGlobalSection
	GlobalSection(SolutionProperties) = preSolution
		HideSolutionNode = FALSE
	EndGlobalSection
	GlobalSection(ExtensibilityGlobals) = postSolution
		SolutionGuid = {49343F95-7C4C-4BD8-AAF0-26612F618CCE}
	EndGlobalSection
EndGlobal
